
Microsoft Visual Studio Solution File, Format Version 12.00
# Visual Studio Version 16
VisualStudioVersion = 16.0.31702.278
MinimumVisualStudioVersion = 10.0.40219.1
Project("{FAE04EC0-301F-11D3-BF4B-00C04F79EFBC}") = "k180274_q2_A2", "k180274_q2_A2.csproj", "{C8B8449C-87A1-4F5B-8173-6DB7FCE3E23B}"
EndProject
Global
	GlobalSection(SolutionConfigurationPlatforms) = preSolution
		Debug|Any CPU = Debug|Any CPU
		Release|Any CPU = Release|Any CPU
	EndGlobalSection
	GlobalSection(ProjectConfigurationPlatforms) = postSolution
		{C8B8449C-87A1-4F5B-8173-6DB7FCE3E23B}.Debug|Any CPU.ActiveCfg = Debug|Any CPU
		{C8B8449C-87A1-4F5B-8173-6DB7FCE3E23B}.Debug|Any CPU.Build.0 = Debug|Any CPU
		{C8B8449C-87A1-4F5B-8173-6DB7FCE3E23B}.Release|Any CPU.ActiveCfg = Release|Any CPU
		{C8B8449C-87A1-4F5B-8173-6DB7FCE3E23B}.Release|Any CPU.Build.0 = Release|Any CPU
	EndGlobalSection
	GlobalSection(SolutionProperties) = preSolution
		HideSolutionNode = FALSE
	EndGlobalSection
	GlobalSection(ExtensibilityGlobals) = postSolution
		SolutionGuid = {2AC18506-0D21-48F5-94AB-3073438D8FB9}
	EndGlobalSection
EndGlobal
